
Microsoft Visual Studio Solution File, Format Version 12.00
# Visual Studio 15
VisualStudioVersion = 15.0.27703.2042
MinimumVisualStudioVersion = 10.0.40219.1
Project("{FAE04EC0-301F-11D3-BF4B-00C04F79EFBC}") = "CBTExcel", "CBTExcel\CBTExcel.csproj", "{5FD3B7B1-6DBB-41DF-B5D3-2B8567A4DA24}"
EndProject
Global
	GlobalSection(SolutionConfigurationPlatforms) = preSolution
		Debug|Any CPU = Debug|Any CPU
		Release|Any CPU = Release|Any CPU
	EndGlobalSection
	GlobalSection(ProjectConfigurationPlatforms) = postSolution
		{5FD3B7B1-6DBB-41DF-B5D3-2B8567A4DA24}.Debug|Any CPU.ActiveCfg = Debug|Any CPU
		{5FD3B7B1-6DBB-41DF-B5D3-2B8567A4DA24}.Debug|Any CPU.Build.0 = Debug|Any CPU
		{5FD3B7B1-6DBB-41DF-B5D3-2B8567A4DA24}.Release|Any CPU.ActiveCfg = Release|Any CPU
		{5FD3B7B1-6DBB-41DF-B5D3-2B8567A4DA24}.Release|Any CPU.Build.0 = Release|Any CPU
	EndGlobalSection
	GlobalSection(SolutionProperties) = preSolution
		HideSolutionNode = FALSE
	EndGlobalSection
	GlobalSection(ExtensibilityGlobals) = postSolution
		SolutionGuid = {4A47FB37-A5A0-42EA-BAA6-BBFB2181C068}
	EndGlobalSection
EndGlobal
